
Microsoft Visual Studio Solution File, Format Version 10.00
# Visual Studio 2008
Project("{8BC9CEB8-8B4A-11D0-8D11-00A0C91BC942}") = "Painter", "Painter\Painter.vcproj", "{979E6EC3-CAC5-4B48-86EB-4403D4B7EDD4}"
EndProject
Global
	GlobalSection(SolutionConfigurationPlatforms) = preSolution
		Debug|Win32 = Debug|Win32
		Release|Win32 = Release|Win32
	EndGlobalSection
	GlobalSection(ProjectConfigurationPlatforms) = postSolution
		{979E6EC3-CAC5-4B48-86EB-4403D4B7EDD4}.Debug|Win32.ActiveCfg = Debug|Win32
		{979E6EC3-CAC5-4B48-86EB-4403D4B7EDD4}.Debug|Win32.Build.0 = Debug|Win32
		{979E6EC3-CAC5-4B48-86EB-4403D4B7EDD4}.Release|Win32.ActiveCfg = Release|Win32
		{979E6EC3-CAC5-4B48-86EB-4403D4B7EDD4}.Release|Win32.Build.0 = Release|Win32
	EndGlobalSection
	GlobalSection(SolutionProperties) = preSolution
		HideSolutionNode = FALSE
	EndGlobalSection
EndGlobal
